
Microsoft Visual Studio Solution File, Format Version 12.00
# Visual Studio Version 17
VisualStudioVersion = 17.7.34221.43
MinimumVisualStudioVersion = 10.0.40219.1
Project("{FAE04EC0-301F-11D3-BF4B-00C04F79EFBC}") = "BaiTap_1_Ngay24", "BaiTap_1_Ngay24\BaiTap_1_Ngay24.csproj", "{0D96269E-F1D4-45F6-8FDC-73BED5207C8E}"
EndProject
Global
	GlobalSection(SolutionConfigurationPlatforms) = preSolution
		Debug|Any CPU = Debug|Any CPU
		Release|Any CPU = Release|Any CPU
	EndGlobalSection
	GlobalSection(ProjectConfigurationPlatforms) = postSolution
		{0D96269E-F1D4-45F6-8FDC-73BED5207C8E}.Debug|Any CPU.ActiveCfg = Debug|Any CPU
		{0D96269E-F1D4-45F6-8FDC-73BED5207C8E}.Debug|Any CPU.Build.0 = Debug|Any CPU
		{0D96269E-F1D4-45F6-8FDC-73BED5207C8E}.Release|Any CPU.ActiveCfg = Release|Any CPU
		{0D96269E-F1D4-45F6-8FDC-73BED5207C8E}.Release|Any CPU.Build.0 = Release|Any CPU
	EndGlobalSection
	GlobalSection(SolutionProperties) = preSolution
		HideSolutionNode = FALSE
	EndGlobalSection
	GlobalSection(ExtensibilityGlobals) = postSolution
		SolutionGuid = {5B9CA87C-806D-4E41-B92C-561DAE98B1B7}
	EndGlobalSection
EndGlobal
